
Microsoft Visual Studio Solution File, Format Version 12.00
# Visual Studio Version 17
VisualStudioVersion = 17.10.35122.118
MinimumVisualStudioVersion = 10.0.40219.1
Project("{FAE04EC0-301F-11D3-BF4B-00C04F79EFBC}") = "TheThanh_WebAPI_Flight", "TheThanh_WebAPI_Flight.csproj", "{A364C84F-8341-47B8-85CB-70882C4C5398}"
EndProject
Global
	GlobalSection(SolutionConfigurationPlatforms) = preSolution
		Debug|Any CPU = Debug|Any CPU
		Release|Any CPU = Release|Any CPU
	EndGlobalSection
	GlobalSection(ProjectConfigurationPlatforms) = postSolution
		{A364C84F-8341-47B8-85CB-70882C4C5398}.Debug|Any CPU.ActiveCfg = Debug|Any CPU
		{A364C84F-8341-47B8-85CB-70882C4C5398}.Debug|Any CPU.Build.0 = Debug|Any CPU
		{A364C84F-8341-47B8-85CB-70882C4C5398}.Release|Any CPU.ActiveCfg = Release|Any CPU
		{A364C84F-8341-47B8-85CB-70882C4C5398}.Release|Any CPU.Build.0 = Release|Any CPU
	EndGlobalSection
	GlobalSection(SolutionProperties) = preSolution
		HideSolutionNode = FALSE
	EndGlobalSection
	GlobalSection(ExtensibilityGlobals) = postSolution
		SolutionGuid = {117F75CA-5700-4741-9D9C-CDFB3BBAFC60}
	EndGlobalSection
EndGlobal
